// !$*UTF8*$!
{
	archiveVersion = 1;
	classes = {
	};
	objectVersion = 56;
	objects = {

/* Begin PBXBuildFile section */
		EE09A0062B00FED00096EEB7 /* PopupViewController.swift in Sources */ = {isa = PBXBuildFile; fileRef = EE09A0052B00FED00096EEB7 /* PopupViewController.swift */; };
		EE1F077E2ABC9FC20038BE8C /* SnapKit in Frameworks */ = {isa = PBXBuildFile; productRef = EE1F077D2ABC9FC20038BE8C /* SnapKit */; };
		EE1F07832AC1D8900038BE8C /* RealmManager.swift in Sources */ = {isa = PBXBuildFile; fileRef = EE1F07822AC1D8900038BE8C /* RealmManager.swift */; };
		EE1F07892AC1D9AB0038BE8C /* Realm in Frameworks */ = {isa = PBXBuildFile; productRef = EE1F07882AC1D9AB0038BE8C /* Realm */; };
		EE1F078B2AC1D9AB0038BE8C /* RealmSwift in Frameworks */ = {isa = PBXBuildFile; productRef = EE1F078A2AC1D9AB0038BE8C /* RealmSwift */; };
		EE34BE5B2B068A3D0031D5E8 /* PushManager.swift in Sources */ = {isa = PBXBuildFile; fileRef = EE34BE5A2B068A3D0031D5E8 /* PushManager.swift */; };
		EE34BE5D2B068CEB0031D5E8 /* TaskEntityModel.swift in Sources */ = {isa = PBXBuildFile; fileRef = EE34BE5C2B068CEB0031D5E8 /* TaskEntityModel.swift */; };
		EE34BE5F2B0696920031D5E8 /* TaskDetailViewController.swift in Sources */ = {isa = PBXBuildFile; fileRef = EE34BE5E2B0696920031D5E8 /* TaskDetailViewController.swift */; };
		EE37F36E2B12B62000D95C9E /* Enum.swift in Sources */ = {isa = PBXBuildFile; fileRef = EE37F36D2B12B62000D95C9E /* Enum.swift */; };
		EE4609E72AF8028C001CB687 /* Environment.swift in Sources */ = {isa = PBXBuildFile; fileRef = EE4609E62AF8028C001CB687 /* Environment.swift */; };
		EE4609ED2AF80FC4001CB687 /* ProfileModel.swift in Sources */ = {isa = PBXBuildFile; fileRef = EE4609EC2AF80FC4001CB687 /* ProfileModel.swift */; };
		EE4609F02AF81BAC001CB687 /* FirebaseAuth in Frameworks */ = {isa = PBXBuildFile; productRef = EE4609EF2AF81BAC001CB687 /* FirebaseAuth */; };
		EE4609F22AF81BAC001CB687 /* FirebaseDatabase in Frameworks */ = {isa = PBXBuildFile; productRef = EE4609F12AF81BAC001CB687 /* FirebaseDatabase */; };
		EE4609F42AF81BAC001CB687 /* FirebaseStorage in Frameworks */ = {isa = PBXBuildFile; productRef = EE4609F32AF81BAC001CB687 /* FirebaseStorage */; };
		EE67B8392AF30046008C95FC /* ProfileViewController.swift in Sources */ = {isa = PBXBuildFile; fileRef = EE67B8382AF30046008C95FC /* ProfileViewController.swift */; };
		EE67B83B2AF30059008C95FC /* CalendarViewController.swift in Sources */ = {isa = PBXBuildFile; fileRef = EE67B83A2AF30059008C95FC /* CalendarViewController.swift */; };
		EE67B83D2AF30073008C95FC /* TasksViewController.swift in Sources */ = {isa = PBXBuildFile; fileRef = EE67B83C2AF30073008C95FC /* TasksViewController.swift */; };
		EE67B83F2AF300AF008C95FC /* AddViewController.swift in Sources */ = {isa = PBXBuildFile; fileRef = EE67B83E2AF300AF008C95FC /* AddViewController.swift */; };
		EE67B8422AF303F6008C95FC /* FSCalendar in Frameworks */ = {isa = PBXBuildFile; productRef = EE67B8412AF303F6008C95FC /* FSCalendar */; };
		EE67B8462AF30A1C008C95FC /* TabBarViewController.swift in Sources */ = {isa = PBXBuildFile; fileRef = EE67B8452AF30A1C008C95FC /* TabBarViewController.swift */; };
		EE6AB8762AFFC10B007B7226 /* CollectionViewCell.swift in Sources */ = {isa = PBXBuildFile; fileRef = EE6AB8752AFFC10B007B7226 /* CollectionViewCell.swift */; };
		EE71B8EB2AE9C1AC00BDCF32 /* GoogleService-Info.plist in Resources */ = {isa = PBXBuildFile; fileRef = EE71B8EA2AE9C1AB00BDCF32 /* GoogleService-Info.plist */; };
		EEA9A1F62AB1C95E00B45518 /* AppDelegate.swift in Sources */ = {isa = PBXBuildFile; fileRef = EEA9A1F52AB1C95E00B45518 /* AppDelegate.swift */; };
		EEA9A1F82AB1C95E00B45518 /* SceneDelegate.swift in Sources */ = {isa = PBXBuildFile; fileRef = EEA9A1F72AB1C95E00B45518 /* SceneDelegate.swift */; };
		EEA9A1FF2AB1C95F00B45518 /* Assets.xcassets in Resources */ = {isa = PBXBuildFile; fileRef = EEA9A1FE2AB1C95F00B45518 /* Assets.xcassets */; };
		EEA9A2022AB1C95F00B45518 /* LaunchScreen.storyboard in Resources */ = {isa = PBXBuildFile; fileRef = EEA9A2002AB1C95F00B45518 /* LaunchScreen.storyboard */; };
		EEF329602AE718AF00053CCA /* RegistrationViewController.swift in Sources */ = {isa = PBXBuildFile; fileRef = EEF3295F2AE718AF00053CCA /* RegistrationViewController.swift */; };
/* End PBXBuildFile section */

/* Begin PBXFileReference section */
		EE09A0052B00FED00096EEB7 /* PopupViewController.swift */ = {isa = PBXFileReference; lastKnownFileType = sourcecode.swift; path = PopupViewController.swift; sourceTree = "<group>"; };
		EE1F07822AC1D8900038BE8C /* RealmManager.swift */ = {isa = PBXFileReference; lastKnownFileType = sourcecode.swift; path = RealmManager.swift; sourceTree = "<group>"; };
		EE34BE5A2B068A3D0031D5E8 /* PushManager.swift */ = {isa = PBXFileReference; lastKnownFileType = sourcecode.swift; path = PushManager.swift; sourceTree = "<group>"; };
		EE34BE5C2B068CEB0031D5E8 /* TaskEntityModel.swift */ = {isa = PBXFileReference; lastKnownFileType = sourcecode.swift; path = TaskEntityModel.swift; sourceTree = "<group>"; };
		EE34BE5E2B0696920031D5E8 /* TaskDetailViewController.swift */ = {isa = PBXFileReference; lastKnownFileType = sourcecode.swift; path = TaskDetailViewController.swift; sourceTree = "<group>"; };
		EE37F36D2B12B62000D95C9E /* Enum.swift */ = {isa = PBXFileReference; lastKnownFileType = sourcecode.swift; path = Enum.swift; sourceTree = "<group>"; };
		EE4609E62AF8028C001CB687 /* Environment.swift */ = {isa = PBXFileReference; lastKnownFileType = sourcecode.swift; path = Environment.swift; sourceTree = "<group>"; };
		EE4609EC2AF80FC4001CB687 /* ProfileModel.swift */ = {isa = PBXFileReference; lastKnownFileType = sourcecode.swift; path = ProfileModel.swift; sourceTree = "<group>"; };
		EE67B8382AF30046008C95FC /* ProfileViewController.swift */ = {isa = PBXFileReference; lastKnownFileType = sourcecode.swift; path = ProfileViewController.swift; sourceTree = "<group>"; };
		EE67B83A2AF30059008C95FC /* CalendarViewController.swift */ = {isa = PBXFileReference; lastKnownFileType = sourcecode.swift; path = CalendarViewController.swift; sourceTree = "<group>"; };
		EE67B83C2AF30073008C95FC /* TasksViewController.swift */ = {isa = PBXFileReference; lastKnownFileType = sourcecode.swift; path = TasksViewController.swift; sourceTree = "<group>"; };
		EE67B83E2AF300AF008C95FC /* AddViewController.swift */ = {isa = PBXFileReference; lastKnownFileType = sourcecode.swift; path = AddViewController.swift; sourceTree = "<group>"; };
		EE67B8452AF30A1C008C95FC /* TabBarViewController.swift */ = {isa = PBXFileReference; lastKnownFileType = sourcecode.swift; path = TabBarViewController.swift; sourceTree = "<group>"; };
		EE6AB8752AFFC10B007B7226 /* CollectionViewCell.swift */ = {isa = PBXFileReference; lastKnownFileType = sourcecode.swift; path = CollectionViewCell.swift; sourceTree = "<group>"; };
		EE71B8EA2AE9C1AB00BDCF32 /* GoogleService-Info.plist */ = {isa = PBXFileReference; fileEncoding = 4; lastKnownFileType = text.plist.xml; name = "GoogleService-Info.plist"; path = "../../../../Downloads/GoogleService-Info.plist"; sourceTree = "<group>"; };
		EEA9A1F22AB1C95E00B45518 /* Diploma.app */ = {isa = PBXFileReference; explicitFileType = wrapper.application; includeInIndex = 0; path = Diploma.app; sourceTree = BUILT_PRODUCTS_DIR; };
		EEA9A1F52AB1C95E00B45518 /* AppDelegate.swift */ = {isa = PBXFileReference; lastKnownFileType = sourcecode.swift; path = AppDelegate.swift; sourceTree = "<group>"; };
		EEA9A1F72AB1C95E00B45518 /* SceneDelegate.swift */ = {isa = PBXFileReference; lastKnownFileType = sourcecode.swift; path = SceneDelegate.swift; sourceTree = "<group>"; };
		EEA9A1FE2AB1C95F00B45518 /* Assets.xcassets */ = {isa = PBXFileReference; lastKnownFileType = folder.assetcatalog; path = Assets.xcassets; sourceTree = "<group>"; };
		EEA9A2012AB1C95F00B45518 /* Base */ = {isa = PBXFileReference; lastKnownFileType = file.storyboard; name = Base; path = Base.lproj/LaunchScreen.storyboard; sourceTree = "<group>"; };
		EEA9A2032AB1C95F00B45518 /* Info.plist */ = {isa = PBXFileReference; lastKnownFileType = text.plist.xml; path = Info.plist; sourceTree = "<group>"; };
		EEF3295F2AE718AF00053CCA /* RegistrationViewController.swift */ = {isa = PBXFileReference; lastKnownFileType = sourcecode.swift; path = RegistrationViewController.swift; sourceTree = "<group>"; };
/* End PBXFileReference section */

/* Begin PBXFrameworksBuildPhase section */
		EEA9A1EF2AB1C95E00B45518 /* Frameworks */ = {
			isa = PBXFrameworksBuildPhase;
			buildActionMask = 2147483647;
			files = (
				EE4609F22AF81BAC001CB687 /* FirebaseDatabase in Frameworks */,
				EE67B8422AF303F6008C95FC /* FSCalendar in Frameworks */,
				EE4609F02AF81BAC001CB687 /* FirebaseAuth in Frameworks */,
				EE1F078B2AC1D9AB0038BE8C /* RealmSwift in Frameworks */,
				EE4609F42AF81BAC001CB687 /* FirebaseStorage in Frameworks */,
				EE1F07892AC1D9AB0038BE8C /* Realm in Frameworks */,
				EE1F077E2ABC9FC20038BE8C /* SnapKit in Frameworks */,
			);
			runOnlyForDeploymentPostprocessing = 0;
		};
/* End PBXFrameworksBuildPhase section */

/* Begin PBXGroup section */
		EE09A0042B00FEAB0096EEB7 /* PopupModule */ = {
			isa = PBXGroup;
			children = (
				EE09A0052B00FED00096EEB7 /* PopupViewController.swift */,
			);
			path = PopupModule;
			sourceTree = "<group>";
		};
		EE1F07812AC1D8580038BE8C /* Managers */ = {
			isa = PBXGroup;
			children = (
				EE4609E62AF8028C001CB687 /* Environment.swift */,
				EE1F07822AC1D8900038BE8C /* RealmManager.swift */,
				EE34BE5A2B068A3D0031D5E8 /* PushManager.swift */,
			);
			path = Managers;
			sourceTree = "<group>";
		};
		EE37F36F2B12B89300D95C9E /* ProfileModule */ = {
			isa = PBXGroup;
			children = (
				EE37F36D2B12B62000D95C9E /* Enum.swift */,
				EE67B8382AF30046008C95FC /* ProfileViewController.swift */,
				EE4609EC2AF80FC4001CB687 /* ProfileModel.swift */,
			);
			path = ProfileModule;
			sourceTree = "<group>";
		};
		EE37F3702B12B8D400D95C9E /* RegistrationModule */ = {
			isa = PBXGroup;
			children = (
				EEF3295F2AE718AF00053CCA /* RegistrationViewController.swift */,
			);
			path = RegistrationModule;
			sourceTree = "<group>";
		};
		EE37F3712B12B90F00D95C9E /* CalendarModule */ = {
			isa = PBXGroup;
			children = (
				EE67B83A2AF30059008C95FC /* CalendarViewController.swift */,
			);
			path = CalendarModule;
			sourceTree = "<group>";
		};
		EE37F3722B12B93F00D95C9E /* AddModule */ = {
			isa = PBXGroup;
			children = (
				EE67B83E2AF300AF008C95FC /* AddViewController.swift */,
			);
			path = AddModule;
			sourceTree = "<group>";
		};
		EE37F3732B12B95900D95C9E /* TasksModule */ = {
			isa = PBXGroup;
			children = (
				EE67B83C2AF30073008C95FC /* TasksViewController.swift */,
				EE6AB8772AFFC113007B7226 /* Cells */,
			);
			path = TasksModule;
			sourceTree = "<group>";
		};
		EE37F3742B12B9B400D95C9E /* TaskModule */ = {
			isa = PBXGroup;
			children = (
				EE34BE5E2B0696920031D5E8 /* TaskDetailViewController.swift */,
			);
			path = TaskModule;
			sourceTree = "<group>";
		};
		EE37F3752B12B9F000D95C9E /* TabBarModule */ = {
			isa = PBXGroup;
			children = (
				EE67B8452AF30A1C008C95FC /* TabBarViewController.swift */,
			);
			path = TabBarModule;
			sourceTree = "<group>";
		};
		EE37F3762B12BAC500D95C9E /* Application */ = {
			isa = PBXGroup;
			children = (
				EEA9A1F72AB1C95E00B45518 /* SceneDelegate.swift */,
				EEA9A1F52AB1C95E00B45518 /* AppDelegate.swift */,
			);
			path = Application;
			sourceTree = "<group>";
		};
		EE4609E82AF80472001CB687 /* Models */ = {
			isa = PBXGroup;
			children = (
				EE34BE5C2B068CEB0031D5E8 /* TaskEntityModel.swift */,
			);
			path = Models;
			sourceTree = "<group>";
		};
		EE67B8442AF309FC008C95FC /* Modules */ = {
			isa = PBXGroup;
			children = (
				EE37F3752B12B9F000D95C9E /* TabBarModule */,
				EE09A0042B00FEAB0096EEB7 /* PopupModule */,
				EE37F3702B12B8D400D95C9E /* RegistrationModule */,
				EE37F36F2B12B89300D95C9E /* ProfileModule */,
				EE37F3722B12B93F00D95C9E /* AddModule */,
				EE37F3712B12B90F00D95C9E /* CalendarModule */,
				EE37F3732B12B95900D95C9E /* TasksModule */,
				EE37F3742B12B9B400D95C9E /* TaskModule */,
			);
			path = Modules;
			sourceTree = "<group>";
		};
		EE6AB8772AFFC113007B7226 /* Cells */ = {
			isa = PBXGroup;
			children = (
				EE6AB8752AFFC10B007B7226 /* CollectionViewCell.swift */,
			);
			path = Cells;
			sourceTree = "<group>";
		};
		EEA9A1E92AB1C95E00B45518 = {
			isa = PBXGroup;
			children = (
				EEA9A1F42AB1C95E00B45518 /* Diploma */,
				EEA9A1F32AB1C95E00B45518 /* Products */,
			);
			sourceTree = "<group>";
		};
		EEA9A1F32AB1C95E00B45518 /* Products */ = {
			isa = PBXGroup;
			children = (
				EEA9A1F22AB1C95E00B45518 /* Diploma.app */,
			);
			name = Products;
			sourceTree = "<group>";
		};
		EEA9A1F42AB1C95E00B45518 /* Diploma */ = {
			isa = PBXGroup;
			children = (
				EE37F3762B12BAC500D95C9E /* Application */,
				EE1F07812AC1D8580038BE8C /* Managers */,
				EE4609E82AF80472001CB687 /* Models */,
				EE67B8442AF309FC008C95FC /* Modules */,
				EEA9A1FE2AB1C95F00B45518 /* Assets.xcassets */,
				EEA9A2002AB1C95F00B45518 /* LaunchScreen.storyboard */,
				EE71B8EA2AE9C1AB00BDCF32 /* GoogleService-Info.plist */,
				EEA9A2032AB1C95F00B45518 /* Info.plist */,
			);
			path = Diploma;
			sourceTree = "<group>";
		};
/* End PBXGroup section */

/* Begin PBXNativeTarget section */
		EEA9A1F12AB1C95E00B45518 /* Diploma */ = {
			isa = PBXNativeTarget;
			buildConfigurationList = EEA9A2062AB1C95F00B45518 /* Build configuration list for PBXNativeTarget "Diploma" */;
			buildPhases = (
				EEA9A1EE2AB1C95E00B45518 /* Sources */,
				EEA9A1EF2AB1C95E00B45518 /* Frameworks */,
				EEA9A1F02AB1C95E00B45518 /* Resources */,
			);
			buildRules = (
			);
			dependencies = (
			);
			name = Diploma;
			packageProductDependencies = (
				EE1F077D2ABC9FC20038BE8C /* SnapKit */,
				EE1F07882AC1D9AB0038BE8C /* Realm */,
				EE1F078A2AC1D9AB0038BE8C /* RealmSwift */,
				EE67B8412AF303F6008C95FC /* FSCalendar */,
				EE4609EF2AF81BAC001CB687 /* FirebaseAuth */,
				EE4609F12AF81BAC001CB687 /* FirebaseDatabase */,
				EE4609F32AF81BAC001CB687 /* FirebaseStorage */,
			);
			productName = Diploma;
			productReference = EEA9A1F22AB1C95E00B45518 /* Diploma.app */;
			productType = "com.apple.product-type.application";
		};
/* End PBXNativeTarget section */

/* Begin PBXProject section */
		EEA9A1EA2AB1C95E00B45518 /* Project object */ = {
			isa = PBXProject;
			attributes = {
				BuildIndependentTargetsInParallel = 1;
				LastSwiftUpdateCheck = 1430;
				LastUpgradeCheck = 1430;
				TargetAttributes = {
					EEA9A1F12AB1C95E00B45518 = {
						CreatedOnToolsVersion = 14.3.1;
					};
				};
			};
			buildConfigurationList = EEA9A1ED2AB1C95E00B45518 /* Build configuration list for PBXProject "Diploma" */;
			compatibilityVersion = "Xcode 14.0";
			developmentRegion = en;
			hasScannedForEncodings = 0;
			knownRegions = (
				en,
				Base,
			);
			mainGroup = EEA9A1E92AB1C95E00B45518;
			packageReferences = (
				EE1F077C2ABC9FC20038BE8C /* XCRemoteSwiftPackageReference "SnapKit" */,
				EE1F07872AC1D9AB0038BE8C /* XCRemoteSwiftPackageReference "realm-swift" */,
				EE67B8402AF303F6008C95FC /* XCRemoteSwiftPackageReference "FSCalendar" */,
				EE4609EE2AF81BAC001CB687 /* XCRemoteSwiftPackageReference "firebase-ios-sdk" */,
			);
			productRefGroup = EEA9A1F32AB1C95E00B45518 /* Products */;
			projectDirPath = "";
			projectRoot = "";
			targets = (
				EEA9A1F12AB1C95E00B45518 /* Diploma */,
			);
		};
/* End PBXProject section */

/* Begin PBXResourcesBuildPhase section */
		EEA9A1F02AB1C95E00B45518 /* Resources */ = {
			isa = PBXResourcesBuildPhase;
			buildActionMask = 2147483647;
			files = (
				EEA9A2022AB1C95F00B45518 /* LaunchScreen.storyboard in Resources */,
				EE71B8EB2AE9C1AC00BDCF32 /* GoogleService-Info.plist in Resources */,
				EEA9A1FF2AB1C95F00B45518 /* Assets.xcassets in Resources */,
			);
			runOnlyForDeploymentPostprocessing = 0;
		};
/* End PBXResourcesBuildPhase section */

/* Begin PBXSourcesBuildPhase section */
		EEA9A1EE2AB1C95E00B45518 /* Sources */ = {
			isa = PBXSourcesBuildPhase;
			buildActionMask = 2147483647;
			files = (
				EE34BE5F2B0696920031D5E8 /* TaskDetailViewController.swift in Sources */,
				EE34BE5D2B068CEB0031D5E8 /* TaskEntityModel.swift in Sources */,
				EE4609ED2AF80FC4001CB687 /* ProfileModel.swift in Sources */,
				EE67B83D2AF30073008C95FC /* TasksViewController.swift in Sources */,
				EE67B83B2AF30059008C95FC /* CalendarViewController.swift in Sources */,
				EE67B83F2AF300AF008C95FC /* AddViewController.swift in Sources */,
				EE1F07832AC1D8900038BE8C /* RealmManager.swift in Sources */,
				EE09A0062B00FED00096EEB7 /* PopupViewController.swift in Sources */,
				EE34BE5B2B068A3D0031D5E8 /* PushManager.swift in Sources */,
				EE67B8462AF30A1C008C95FC /* TabBarViewController.swift in Sources */,
				EEF329602AE718AF00053CCA /* RegistrationViewController.swift in Sources */,
				EE6AB8762AFFC10B007B7226 /* CollectionViewCell.swift in Sources */,
				EE67B8392AF30046008C95FC /* ProfileViewController.swift in Sources */,
				EE37F36E2B12B62000D95C9E /* Enum.swift in Sources */,
				EEA9A1F62AB1C95E00B45518 /* AppDelegate.swift in Sources */,
				EEA9A1F82AB1C95E00B45518 /* SceneDelegate.swift in Sources */,
				EE4609E72AF8028C001CB687 /* Environment.swift in Sources */,
			);
			runOnlyForDeploymentPostprocessing = 0;
		};
/* End PBXSourcesBuildPhase section */

/* Begin PBXVariantGroup section */
		EEA9A2002AB1C95F00B45518 /* LaunchScreen.storyboard */ = {
			isa = PBXVariantGroup;
			children = (
				EEA9A2012AB1C95F00B45518 /* Base */,
			);
			name = LaunchScreen.storyboard;
			sourceTree = "<group>";
		};
/* End PBXVariantGroup section */

/* Begin XCBuildConfiguration section */
		EEA9A2042AB1C95F00B45518 /* Debug */ = {
			isa = XCBuildConfiguration;
			buildSettings = {
				ALWAYS_SEARCH_USER_PATHS = NO;
				CLANG_ANALYZER_NONNULL = YES;
				CLANG_ANALYZER_NUMBER_OBJECT_CONVERSION = YES_AGGRESSIVE;
				CLANG_CXX_LANGUAGE_STANDARD = "gnu++20";
				CLANG_ENABLE_MODULES = YES;
				CLANG_ENABLE_OBJC_ARC = YES;
				CLANG_ENABLE_OBJC_WEAK = YES;
				CLANG_WARN_BLOCK_CAPTURE_AUTORELEASING = YES;
				CLANG_WARN_BOOL_CONVERSION = YES;
				CLANG_WARN_COMMA = YES;
				CLANG_WARN_CONSTANT_CONVERSION = YES;
				CLANG_WARN_DEPRECATED_OBJC_IMPLEMENTATIONS = YES;
				CLANG_WARN_DIRECT_OBJC_ISA_USAGE = YES_ERROR;
				CLANG_WARN_DOCUMENTATION_COMMENTS = YES;
				CLANG_WARN_EMPTY_BODY = YES;
				CLANG_WARN_ENUM_CONVERSION = YES;
				CLANG_WARN_INFINITE_RECURSION = YES;
				CLANG_WARN_INT_CONVERSION = YES;
				CLANG_WARN_NON_LITERAL_NULL_CONVERSION = YES;
				CLANG_WARN_OBJC_IMPLICIT_RETAIN_SELF = YES;
				CLANG_WARN_OBJC_LITERAL_CONVERSION = YES;
				CLANG_WARN_OBJC_ROOT_CLASS = YES_ERROR;
				CLANG_WARN_QUOTED_INCLUDE_IN_FRAMEWORK_HEADER = YES;
				CLANG_WARN_RANGE_LOOP_ANALYSIS = YES;
				CLANG_WARN_STRICT_PROTOTYPES = YES;
				CLANG_WARN_SUSPICIOUS_MOVE = YES;
				CLANG_WARN_UNGUARDED_AVAILABILITY = YES_AGGRESSIVE;
				CLANG_WARN_UNREACHABLE_CODE = YES;
				CLANG_WARN__DUPLICATE_METHOD_MATCH = YES;
				COPY_PHASE_STRIP = NO;
				DEBUG_INFORMATION_FORMAT = dwarf;
				ENABLE_STRICT_OBJC_MSGSEND = YES;
				ENABLE_TESTABILITY = YES;
				GCC_C_LANGUAGE_STANDARD = gnu11;
				GCC_DYNAMIC_NO_PIC = NO;
				GCC_NO_COMMON_BLOCKS = YES;
				GCC_OPTIMIZATION_LEVEL = 0;
				GCC_PREPROCESSOR_DEFINITIONS = (
					"DEBUG=1",
					"$(inherited)",
				);
				GCC_WARN_64_TO_32_BIT_CONVERSION = YES;
				GCC_WARN_ABOUT_RETURN_TYPE = YES_ERROR;
				GCC_WARN_UNDECLARED_SELECTOR = YES;
				GCC_WARN_UNINITIALIZED_AUTOS = YES_AGGRESSIVE;
				GCC_WARN_UNUSED_FUNCTION = YES;
				GCC_WARN_UNUSED_VARIABLE = YES;
				IPHONEOS_DEPLOYMENT_TARGET = 16.4;
				MTL_ENABLE_DEBUG_INFO = INCLUDE_SOURCE;
				MTL_FAST_MATH = YES;
				ONLY_ACTIVE_ARCH = YES;
				SDKROOT = iphoneos;
				SWIFT_ACTIVE_COMPILATION_CONDITIONS = DEBUG;
				SWIFT_OPTIMIZATION_LEVEL = "-Onone";
			};
			name = Debug;
		};
		EEA9A2052AB1C95F00B45518 /* Release */ = {
			isa = XCBuildConfiguration;
			buildSettings = {
				ALWAYS_SEARCH_USER_PATHS = NO;
				CLANG_ANALYZER_NONNULL = YES;
				CLANG_ANALYZER_NUMBER_OBJECT_CONVERSION = YES_AGGRESSIVE;
				CLANG_CXX_LANGUAGE_STANDARD = "gnu++20";
				CLANG_ENABLE_MODULES = YES;
				CLANG_ENABLE_OBJC_ARC = YES;
				CLANG_ENABLE_OBJC_WEAK = YES;
				CLANG_WARN_BLOCK_CAPTURE_AUTORELEASING = YES;
				CLANG_WARN_BOOL_CONVERSION = YES;
				CLANG_WARN_COMMA = YES;
				CLANG_WARN_CONSTANT_CONVERSION = YES;
				CLANG_WARN_DEPRECATED_OBJC_IMPLEMENTATIONS = YES;
				CLANG_WARN_DIRECT_OBJC_ISA_USAGE = YES_ERROR;
				CLANG_WARN_DOCUMENTATION_COMMENTS = YES;
				CLANG_WARN_EMPTY_BODY = YES;
				CLANG_WARN_ENUM_CONVERSION = YES;
				CLANG_WARN_INFINITE_RECURSION = YES;
				CLANG_WARN_INT_CONVERSION = YES;
				CLANG_WARN_NON_LITERAL_NULL_CONVERSION = YES;
				CLANG_WARN_OBJC_IMPLICIT_RETAIN_SELF = YES;
				CLANG_WARN_OBJC_LITERAL_CONVERSION = YES;
				CLANG_WARN_OBJC_ROOT_CLASS = YES_ERROR;
				CLANG_WARN_QUOTED_INCLUDE_IN_FRAMEWORK_HEADER = YES;
				CLANG_WARN_RANGE_LOOP_ANALYSIS = YES;
				CLANG_WARN_STRICT_PROTOTYPES = YES;
				CLANG_WARN_SUSPICIOUS_MOVE = YES;
				CLANG_WARN_UNGUARDED_AVAILABILITY = YES_AGGRESSIVE;
				CLANG_WARN_UNREACHABLE_CODE = YES;
				CLANG_WARN__DUPLICATE_METHOD_MATCH = YES;
				COPY_PHASE_STRIP = NO;
				DEBUG_INFORMATION_FORMAT = "dwarf-with-dsym";
				ENABLE_NS_ASSERTIONS = NO;
				ENABLE_STRICT_OBJC_MSGSEND = YES;
				GCC_C_LANGUAGE_STANDARD = gnu11;
				GCC_NO_COMMON_BLOCKS = YES;
				GCC_WARN_64_TO_32_BIT_CONVERSION = YES;
				GCC_WARN_ABOUT_RETURN_TYPE = YES_ERROR;
				GCC_WARN_UNDECLARED_SELECTOR = YES;
				GCC_WARN_UNINITIALIZED_AUTOS = YES_AGGRESSIVE;
				GCC_WARN_UNUSED_FUNCTION = YES;
				GCC_WARN_UNUSED_VARIABLE = YES;
				IPHONEOS_DEPLOYMENT_TARGET = 16.4;
				MTL_ENABLE_DEBUG_INFO = NO;
				MTL_FAST_MATH = YES;
				SDKROOT = iphoneos;
				SWIFT_COMPILATION_MODE = wholemodule;
				SWIFT_OPTIMIZATION_LEVEL = "-O";
				VALIDATE_PRODUCT = YES;
			};
			name = Release;
		};
		EEA9A2072AB1C95F00B45518 /* Debug */ = {
			isa = XCBuildConfiguration;
			buildSettings = {
				ASSETCATALOG_COMPILER_APPICON_NAME = AppIcon;
				ASSETCATALOG_COMPILER_GLOBAL_ACCENT_COLOR_NAME = AccentColor;
				CODE_SIGN_STYLE = Automatic;
				CURRENT_PROJECT_VERSION = 1;
				DEVELOPMENT_TEAM = 5C7TG223J2;
				GENERATE_INFOPLIST_FILE = YES;
				INFOPLIST_FILE = Diploma/Info.plist;
				INFOPLIST_KEY_UIApplicationSupportsIndirectInputEvents = YES;
				INFOPLIST_KEY_UILaunchStoryboardName = LaunchScreen;
				INFOPLIST_KEY_UISupportedInterfaceOrientations_iPad = "UIInterfaceOrientationPortrait UIInterfaceOrientationPortraitUpsideDown UIInterfaceOrientationLandscapeLeft UIInterfaceOrientationLandscapeRight";
				INFOPLIST_KEY_UISupportedInterfaceOrientations_iPhone = "UIInterfaceOrientationPortrait UIInterfaceOrientationLandscapeLeft UIInterfaceOrientationLandscapeRight";
				LD_RUNPATH_SEARCH_PATHS = (
					"$(inherited)",
					"@executable_path/Frameworks",
				);
				MARKETING_VERSION = 1.0;
				PRODUCT_BUNDLE_IDENTIFIER = student.Diploma;
				PRODUCT_NAME = "$(TARGET_NAME)";
				SWIFT_EMIT_LOC_STRINGS = YES;
				SWIFT_VERSION = 5.0;
				TARGETED_DEVICE_FAMILY = "1,2";
			};
			name = Debug;
		};
		EEA9A2082AB1C95F00B45518 /* Release */ = {
			isa = XCBuildConfiguration;
			buildSettings = {
				ASSETCATALOG_COMPILER_APPICON_NAME = AppIcon;
				ASSETCATALOG_COMPILER_GLOBAL_ACCENT_COLOR_NAME = AccentColor;
				CODE_SIGN_STYLE = Automatic;
				CURRENT_PROJECT_VERSION = 1;
				DEVELOPMENT_TEAM = 5C7TG223J2;
				GENERATE_INFOPLIST_FILE = YES;
				INFOPLIST_FILE = Diploma/Info.plist;
				INFOPLIST_KEY_UIApplicationSupportsIndirectInputEvents = YES;
				INFOPLIST_KEY_UILaunchStoryboardName = LaunchScreen;
				INFOPLIST_KEY_UISupportedInterfaceOrientations_iPad = "UIInterfaceOrientationPortrait UIInterfaceOrientationPortraitUpsideDown UIInterfaceOrientationLandscapeLeft UIInterfaceOrientationLandscapeRight";
				INFOPLIST_KEY_UISupportedInterfaceOrientations_iPhone = "UIInterfaceOrientationPortrait UIInterfaceOrientationLandscapeLeft UIInterfaceOrientationLandscapeRight";
				LD_RUNPATH_SEARCH_PATHS = (
					"$(inherited)",
					"@executable_path/Frameworks",
				);
				MARKETING_VERSION = 1.0;
				PRODUCT_BUNDLE_IDENTIFIER = student.Diploma;
				PRODUCT_NAME = "$(TARGET_NAME)";
				SWIFT_EMIT_LOC_STRINGS = YES;
				SWIFT_VERSION = 5.0;
				TARGETED_DEVICE_FAMILY = "1,2";
			};
			name = Release;
		};
/* End XCBuildConfiguration section */

/* Begin XCConfigurationList section */
		EEA9A1ED2AB1C95E00B45518 /* Build configuration list for PBXProject "Diploma" */ = {
			isa = XCConfigurationList;
			buildConfigurations = (
				EEA9A2042AB1C95F00B45518 /* Debug */,
				EEA9A2052AB1C95F00B45518 /* Release */,
			);
			defaultConfigurationIsVisible = 0;
			defaultConfigurationName = Release;
		};
		EEA9A2062AB1C95F00B45518 /* Build configuration list for PBXNativeTarget "Diploma" */ = {
			isa = XCConfigurationList;
			buildConfigurations = (
				EEA9A2072AB1C95F00B45518 /* Debug */,
				EEA9A2082AB1C95F00B45518 /* Release */,
			);
			defaultConfigurationIsVisible = 0;
			defaultConfigurationName = Release;
		};
/* End XCConfigurationList section */

/* Begin XCRemoteSwiftPackageReference section */
		EE1F077C2ABC9FC20038BE8C /* XCRemoteSwiftPackageReference "SnapKit" */ = {
			isa = XCRemoteSwiftPackageReference;
			repositoryURL = "https://github.com/SnapKit/SnapKit.git";
			requirement = {
				kind = upToNextMajorVersion;
				minimumVersion = 5.0.0;
			};
		};
		EE1F07872AC1D9AB0038BE8C /* XCRemoteSwiftPackageReference "realm-swift" */ = {
			isa = XCRemoteSwiftPackageReference;
			repositoryURL = "https://github.com/realm/realm-swift";
			requirement = {
				branch = master;
				kind = branch;
			};
		};
		EE4609EE2AF81BAC001CB687 /* XCRemoteSwiftPackageReference "firebase-ios-sdk" */ = {
			isa = XCRemoteSwiftPackageReference;
			repositoryURL = "https://github.com/firebase/firebase-ios-sdk";
			requirement = {
				kind = upToNextMajorVersion;
				minimumVersion = 10.0.0;
			};
		};
		EE67B8402AF303F6008C95FC /* XCRemoteSwiftPackageReference "FSCalendar" */ = {
			isa = XCRemoteSwiftPackageReference;
			repositoryURL = "https://github.com/WenchaoD/FSCalendar.git";
			requirement = {
				kind = upToNextMajorVersion;
				minimumVersion = 2.0.0;
			};
		};
/* End XCRemoteSwiftPackageReference section */

/* Begin XCSwiftPackageProductDependency section */
		EE1F077D2ABC9FC20038BE8C /* SnapKit */ = {
			isa = XCSwiftPackageProductDependency;
			package = EE1F077C2ABC9FC20038BE8C /* XCRemoteSwiftPackageReference "SnapKit" */;
			productName = SnapKit;
		};
		EE1F07882AC1D9AB0038BE8C /* Realm */ = {
			isa = XCSwiftPackageProductDependency;
			package = EE1F07872AC1D9AB0038BE8C /* XCRemoteSwiftPackageReference "realm-swift" */;
			productName = Realm;
		};
		EE1F078A2AC1D9AB0038BE8C /* RealmSwift */ = {
			isa = XCSwiftPackageProductDependency;
			package = EE1F07872AC1D9AB0038BE8C /* XCRemoteSwiftPackageReference "realm-swift" */;
			productName = RealmSwift;
		};
		EE4609EF2AF81BAC001CB687 /* FirebaseAuth */ = {
			isa = XCSwiftPackageProductDependency;
			package = EE4609EE2AF81BAC001CB687 /* XCRemoteSwiftPackageReference "firebase-ios-sdk" */;
			productName = FirebaseAuth;
		};
		EE4609F12AF81BAC001CB687 /* FirebaseDatabase */ = {
			isa = XCSwiftPackageProductDependency;
			package = EE4609EE2AF81BAC001CB687 /* XCRemoteSwiftPackageReference "firebase-ios-sdk" */;
			productName = FirebaseDatabase;
		};
		EE4609F32AF81BAC001CB687 /* FirebaseStorage */ = {
			isa = XCSwiftPackageProductDependency;
			package = EE4609EE2AF81BAC001CB687 /* XCRemoteSwiftPackageReference "firebase-ios-sdk" */;
			productName = FirebaseStorage;
		};
		EE67B8412AF303F6008C95FC /* FSCalendar */ = {
			isa = XCSwiftPackageProductDependency;
			package = EE67B8402AF303F6008C95FC /* XCRemoteSwiftPackageReference "FSCalendar" */;
			productName = FSCalendar;
		};
/* End XCSwiftPackageProductDependency section */
	};
	rootObject = EEA9A1EA2AB1C95E00B45518 /* Project object */;
}
